
Microsoft Visual Studio Solution File, Format Version 12.00
# Visual Studio Version 16
VisualStudioVersion = 16.0.28407.52
MinimumVisualStudioVersion = 10.0.40219.1
Project("{FAE04EC0-301F-11D3-BF4B-00C04F79EFBC}") = "TicketResultApp.Android", "TicketResultApp\TicketResultApp.Android\TicketResultApp.Android.csproj", "{CB7FE38B-C5B8-436D-A7F2-E3859D1AF36B}"
EndProject
Project("{FAE04EC0-301F-11D3-BF4B-00C04F79EFBC}") = "TicketResultApp.iOS", "TicketResultApp\TicketResultApp.iOS\TicketResultApp.iOS.csproj", "{1C823274-EB73-4FF3-9388-3CB90AB29250}"
EndProject
Project("{FAE04EC0-301F-11D3-BF4B-00C04F79EFBC}") = "TicketResultApp", "TicketResultApp\TicketResultApp\TicketResultApp.csproj", "{F15DC5E8-0FBC-4102-A2DF-89B2C0F7DE16}"
EndProject
Global
	GlobalSection(SolutionConfigurationPlatforms) = preSolution
		Ad-Hoc|Any CPU = Ad-Hoc|Any CPU
		Ad-Hoc|iPhone = Ad-Hoc|iPhone
		Ad-Hoc|iPhoneSimulator = Ad-Hoc|iPhoneSimulator
		AppStore|Any CPU = AppStore|Any CPU
		AppStore|iPhone = AppStore|iPhone
		AppStore|iPhoneSimulator = AppStore|iPhoneSimulator
		Debug|Any CPU = Debug|Any CPU
		Debug|iPhone = Debug|iPhone
		Debug|iPhoneSimulator = Debug|iPhoneSimulator
		Release|Any CPU = Release|Any CPU
		Release|iPhone = Release|iPhone
		Release|iPhoneSimulator = Release|iPhoneSimulator
	EndGlobalSection
	GlobalSection(ProjectConfigurationPlatforms) = postSolution
		{CB7FE38B-C5B8-436D-A7F2-E3859D1AF36B}.Ad-Hoc|Any CPU.ActiveCfg = Release|Any CPU
		{CB7FE38B-C5B8-436D-A7F2-E3859D1AF36B}.Ad-Hoc|Any CPU.Build.0 = Release|Any CPU
		{CB7FE38B-C5B8-436D-A7F2-E3859D1AF36B}.Ad-Hoc|Any CPU.Deploy.0 = Release|Any CPU
		{CB7FE38B-C5B8-436D-A7F2-E3859D1AF36B}.Ad-Hoc|iPhone.ActiveCfg = Release|Any CPU
		{CB7FE38B-C5B8-436D-A7F2-E3859D1AF36B}.Ad-Hoc|iPhone.Build.0 = Release|Any CPU
		{CB7FE38B-C5B8-436D-A7F2-E3859D1AF36B}.Ad-Hoc|iPhone.Deploy.0 = Release|Any CPU
		{CB7FE38B-C5B8-436D-A7F2-E3859D1AF36B}.Ad-Hoc|iPhoneSimulator.ActiveCfg = Release|Any CPU
		{CB7FE38B-C5B8-436D-A7F2-E3859D1AF36B}.Ad-Hoc|iPhoneSimulator.Build.0 = Release|Any CPU
		{CB7FE38B-C5B8-436D-A7F2-E3859D1AF36B}.Ad-Hoc|iPhoneSimulator.Deploy.0 = Release|Any CPU
		{CB7FE38B-C5B8-436D-A7F2-E3859D1AF36B}.AppStore|Any CPU.ActiveCfg = Release|Any CPU
		{CB7FE38B-C5B8-436D-A7F2-E3859D1AF36B}.AppStore|Any CPU.Build.0 = Release|Any CPU
		{CB7FE38B-C5B8-436D-A7F2-E3859D1AF36B}.AppStore|Any CPU.Deploy.0 = Release|Any CPU
		{CB7FE38B-C5B8-436D-A7F2-E3859D1AF36B}.AppStore|iPhone.ActiveCfg = Release|Any CPU
		{CB7FE38B-C5B8-436D-A7F2-E3859D1AF36B}.AppStore|iPhone.Build.0 = Release|Any CPU
		{CB7FE38B-C5B8-436D-A7F2-E3859D1AF36B}.AppStore|iPhone.Deploy.0 = Release|Any CPU
		{CB7FE38B-C5B8-436D-A7F2-E3859D1AF36B}.AppStore|iPhoneSimulator.ActiveCfg = Release|Any CPU
		{CB7FE38B-C5B8-436D-A7F2-E3859D1AF36B}.AppStore|iPhoneSimulator.Build.0 = Release|Any CPU
		{CB7FE38B-C5B8-436D-A7F2-E3859D1AF36B}.AppStore|iPhoneSimulator.Deploy.0 = Release|Any CPU
		{CB7FE38B-C5B8-436D-A7F2-E3859D1AF36B}.Debug|Any CPU.ActiveCfg = Debug|Any CPU
		{CB7FE38B-C5B8-436D-A7F2-E3859D1AF36B}.Debug|Any CPU.Build.0 = Debug|Any CPU
		{CB7FE38B-C5B8-436D-A7F2-E3859D1AF36B}.Debug|Any CPU.Deploy.0 = Debug|Any CPU
		{CB7FE38B-C5B8-436D-A7F2-E3859D1AF36B}.Debug|iPhone.ActiveCfg = Debug|Any CPU
		{CB7FE38B-C5B8-436D-A7F2-E3859D1AF36B}.Debug|iPhone.Build.0 = Debug|Any CPU
		{CB7FE38B-C5B8-436D-A7F2-E3859D1AF36B}.Debug|iPhone.Deploy.0 = Debug|Any CPU
		{CB7FE38B-C5B8-436D-A7F2-E3859D1AF36B}.Debug|iPhoneSimulator.ActiveCfg = Debug|Any CPU
		{CB7FE38B-C5B8-436D-A7F2-E3859D1AF36B}.Debug|iPhoneSimulator.Build.0 = Debug|Any CPU
		{CB7FE38B-C5B8-436D-A7F2-E3859D1AF36B}.Debug|iPhoneSimulator.Deploy.0 = Debug|Any CPU
		{CB7FE38B-C5B8-436D-A7F2-E3859D1AF36B}.Release|Any CPU.ActiveCfg = Release|Any CPU
		{CB7FE38B-C5B8-436D-A7F2-E3859D1AF36B}.Release|Any CPU.Build.0 = Release|Any CPU
		{CB7FE38B-C5B8-436D-A7F2-E3859D1AF36B}.Release|Any CPU.Deploy.0 = Release|Any CPU
		{CB7FE38B-C5B8-436D-A7F2-E3859D1AF36B}.Release|iPhone.ActiveCfg = Release|Any CPU
		{CB7FE38B-C5B8-436D-A7F2-E3859D1AF36B}.Release|iPhone.Build.0 = Release|Any CPU
		{CB7FE38B-C5B8-436D-A7F2-E3859D1AF36B}.Release|iPhone.Deploy.0 = Release|Any CPU
		{CB7FE38B-C5B8-436D-A7F2-E3859D1AF36B}.Release|iPhoneSimulator.ActiveCfg = Release|Any CPU
		{CB7FE38B-C5B8-436D-A7F2-E3859D1AF36B}.Release|iPhoneSimulator.Build.0 = Release|Any CPU
		{CB7FE38B-C5B8-436D-A7F2-E3859D1AF36B}.Release|iPhoneSimulator.Deploy.0 = Release|Any CPU
		{1C823274-EB73-4FF3-9388-3CB90AB29250}.Ad-Hoc|Any CPU.ActiveCfg = Ad-Hoc|iPhone
		{1C823274-EB73-4FF3-9388-3CB90AB29250}.Ad-Hoc|Any CPU.Build.0 = Ad-Hoc|iPhone
		{1C823274-EB73-4FF3-9388-3CB90AB29250}.Ad-Hoc|Any CPU.Deploy.0 = Ad-Hoc|iPhone
		{1C823274-EB73-4FF3-9388-3CB90AB29250}.Ad-Hoc|iPhone.ActiveCfg = Ad-Hoc|iPhone
		{1C823274-EB73-4FF3-9388-3CB90AB29250}.Ad-Hoc|iPhone.Build.0 = Ad-Hoc|iPhone
		{1C823274-EB73-4FF3-9388-3CB90AB29250}.Ad-Hoc|iPhone.Deploy.0 = Ad-Hoc|iPhone
		{1C823274-EB73-4FF3-9388-3CB90AB29250}.Ad-Hoc|iPhoneSimulator.ActiveCfg = Ad-Hoc|iPhoneSimulator
		{1C823274-EB73-4FF3-9388-3CB90AB29250}.Ad-Hoc|iPhoneSimulator.Build.0 = Ad-Hoc|iPhoneSimulator
		{1C823274-EB73-4FF3-9388-3CB90AB29250}.Ad-Hoc|iPhoneSimulator.Deploy.0 = Ad-Hoc|iPhoneSimulator
		{1C823274-EB73-4FF3-9388-3CB90AB29250}.AppStore|Any CPU.ActiveCfg = AppStore|iPhone
		{1C823274-EB73-4FF3-9388-3CB90AB29250}.AppStore|Any CPU.Build.0 = AppStore|iPhone
		{1C823274-EB73-4FF3-9388-3CB90AB29250}.AppStore|Any CPU.Deploy.0 = AppStore|iPhone
		{1C823274-EB73-4FF3-9388-3CB90AB29250}.AppStore|iPhone.ActiveCfg = AppStore|iPhone
		{1C823274-EB73-4FF3-9388-3CB90AB29250}.AppStore|iPhone.Build.0 = AppStore|iPhone
		{1C823274-EB73-4FF3-9388-3CB90AB29250}.AppStore|iPhone.Deploy.0 = AppStore|iPhone
		{1C823274-EB73-4FF3-9388-3CB90AB29250}.AppStore|iPhoneSimulator.ActiveCfg = AppStore|iPhoneSimulator
		{1C823274-EB73-4FF3-9388-3CB90AB29250}.AppStore|iPhoneSimulator.Build.0 = AppStore|iPhoneSimulator
		{1C823274-EB73-4FF3-9388-3CB90AB29250}.AppStore|iPhoneSimulator.Deploy.0 = AppStore|iPhoneSimulator
		{1C823274-EB73-4FF3-9388-3CB90AB29250}.Debug|Any CPU.ActiveCfg = Debug|iPhoneSimulator
		{1C823274-EB73-4FF3-9388-3CB90AB29250}.Debug|Any CPU.Build.0 = Debug|iPhoneSimulator
		{1C823274-EB73-4FF3-9388-3CB90AB29250}.Debug|Any CPU.Deploy.0 = Debug|iPhoneSimulator
		{1C823274-EB73-4FF3-9388-3CB90AB29250}.Debug|iPhone.ActiveCfg = Debug|iPhone
		{1C823274-EB73-4FF3-9388-3CB90AB29250}.Debug|iPhone.Build.0 = Debug|iPhone
		{1C823274-EB73-4FF3-9388-3CB90AB29250}.Debug|iPhone.Deploy.0 = Debug|iPhone
		{1C823274-EB73-4FF3-9388-3CB90AB29250}.Debug|iPhoneSimulator.ActiveCfg = Debug|iPhoneSimulator
		{1C823274-EB73-4FF3-9388-3CB90AB29250}.Debug|iPhoneSimulator.Build.0 = Debug|iPhoneSimulator
		{1C823274-EB73-4FF3-9388-3CB90AB29250}.Debug|iPhoneSimulator.Deploy.0 = Debug|iPhoneSimulator
		{1C823274-EB73-4FF3-9388-3CB90AB29250}.Release|Any CPU.ActiveCfg = Release|iPhone
		{1C823274-EB73-4FF3-9388-3CB90AB29250}.Release|Any CPU.Build.0 = Release|iPhone
		{1C823274-EB73-4FF3-9388-3CB90AB29250}.Release|Any CPU.Deploy.0 = Release|iPhone
		{1C823274-EB73-4FF3-9388-3CB90AB29250}.Release|iPhone.ActiveCfg = Release|iPhone
		{1C823274-EB73-4FF3-9388-3CB90AB29250}.Release|iPhone.Build.0 = Release|iPhone
		{1C823274-EB73-4FF3-9388-3CB90AB29250}.Release|iPhone.Deploy.0 = Release|iPhone
		{1C823274-EB73-4FF3-9388-3CB90AB29250}.Release|iPhoneSimulator.ActiveCfg = Release|iPhoneSimulator
		{1C823274-EB73-4FF3-9388-3CB90AB29250}.Release|iPhoneSimulator.Build.0 = Release|iPhoneSimulator
		{1C823274-EB73-4FF3-9388-3CB90AB29250}.Release|iPhoneSimulator.Deploy.0 = Release|iPhoneSimulator
		{F15DC5E8-0FBC-4102-A2DF-89B2C0F7DE16}.Ad-Hoc|Any CPU.ActiveCfg = Debug|Any CPU
		{F15DC5E8-0FBC-4102-A2DF-89B2C0F7DE16}.Ad-Hoc|Any CPU.Build.0 = Debug|Any CPU
		{F15DC5E8-0FBC-4102-A2DF-89B2C0F7DE16}.Ad-Hoc|Any CPU.Deploy.0 = Debug|Any CPU
		{F15DC5E8-0FBC-4102-A2DF-89B2C0F7DE16}.Ad-Hoc|iPhone.ActiveCfg = Debug|Any CPU
		{F15DC5E8-0FBC-4102-A2DF-89B2C0F7DE16}.Ad-Hoc|iPhone.Build.0 = Debug|Any CPU
		{F15DC5E8-0FBC-4102-A2DF-89B2C0F7DE16}.Ad-Hoc|iPhone.Deploy.0 = Debug|Any CPU
		{F15DC5E8-0FBC-4102-A2DF-89B2C0F7DE16}.Ad-Hoc|iPhoneSimulator.ActiveCfg = Debug|Any CPU
		{F15DC5E8-0FBC-4102-A2DF-89B2C0F7DE16}.Ad-Hoc|iPhoneSimulator.Build.0 = Debug|Any CPU
		{F15DC5E8-0FBC-4102-A2DF-89B2C0F7DE16}.Ad-Hoc|iPhoneSimulator.Deploy.0 = Debug|Any CPU
		{F15DC5E8-0FBC-4102-A2DF-89B2C0F7DE16}.AppStore|Any CPU.ActiveCfg = Debug|Any CPU
		{F15DC5E8-0FBC-4102-A2DF-89B2C0F7DE16}.AppStore|Any CPU.Build.0 = Debug|Any CPU
		{F15DC5E8-0FBC-4102-A2DF-89B2C0F7DE16}.AppStore|Any CPU.Deploy.0 = Debug|Any CPU
		{F15DC5E8-0FBC-4102-A2DF-89B2C0F7DE16}.AppStore|iPhone.ActiveCfg = Debug|Any CPU
		{F15DC5E8-0FBC-4102-A2DF-89B2C0F7DE16}.AppStore|iPhone.Build.0 = Debug|Any CPU
		{F15DC5E8-0FBC-4102-A2DF-89B2C0F7DE16}.AppStore|iPhone.Deploy.0 = Debug|Any CPU
		{F15DC5E8-0FBC-4102-A2DF-89B2C0F7DE16}.AppStore|iPhoneSimulator.ActiveCfg = Debug|Any CPU
		{F15DC5E8-0FBC-4102-A2DF-89B2C0F7DE16}.AppStore|iPhoneSimulator.Build.0 = Debug|Any CPU
		{F15DC5E8-0FBC-4102-A2DF-89B2C0F7DE16}.AppStore|iPhoneSimulator.Deploy.0 = Debug|Any CPU
		{F15DC5E8-0FBC-4102-A2DF-89B2C0F7DE16}.Debug|Any CPU.ActiveCfg = Debug|Any CPU
		{F15DC5E8-0FBC-4102-A2DF-89B2C0F7DE16}.Debug|Any CPU.Build.0 = Debug|Any CPU
		{F15DC5E8-0FBC-4102-A2DF-89B2C0F7DE16}.Debug|Any CPU.Deploy.0 = Debug|Any CPU
		{F15DC5E8-0FBC-4102-A2DF-89B2C0F7DE16}.Debug|iPhone.ActiveCfg = Debug|Any CPU
		{F15DC5E8-0FBC-4102-A2DF-89B2C0F7DE16}.Debug|iPhone.Build.0 = Debug|Any CPU
		{F15DC5E8-0FBC-4102-A2DF-89B2C0F7DE16}.Debug|iPhone.Deploy.0 = Debug|Any CPU
		{F15DC5E8-0FBC-4102-A2DF-89B2C0F7DE16}.Debug|iPhoneSimulator.ActiveCfg = Debug|Any CPU
		{F15DC5E8-0FBC-4102-A2DF-89B2C0F7DE16}.Debug|iPhoneSimulator.Build.0 = Debug|Any CPU
		{F15DC5E8-0FBC-4102-A2DF-89B2C0F7DE16}.Debug|iPhoneSimulator.Deploy.0 = Debug|Any CPU
		{F15DC5E8-0FBC-4102-A2DF-89B2C0F7DE16}.Release|Any CPU.ActiveCfg = Release|Any CPU
		{F15DC5E8-0FBC-4102-A2DF-89B2C0F7DE16}.Release|Any CPU.Build.0 = Release|Any CPU
		{F15DC5E8-0FBC-4102-A2DF-89B2C0F7DE16}.Release|Any CPU.Deploy.0 = Release|Any CPU
		{F15DC5E8-0FBC-4102-A2DF-89B2C0F7DE16}.Release|iPhone.ActiveCfg = Release|Any CPU
		{F15DC5E8-0FBC-4102-A2DF-89B2C0F7DE16}.Release|iPhone.Build.0 = Release|Any CPU
		{F15DC5E8-0FBC-4102-A2DF-89B2C0F7DE16}.Release|iPhone.Deploy.0 = Release|Any CPU
		{F15DC5E8-0FBC-4102-A2DF-89B2C0F7DE16}.Release|iPhoneSimulator.ActiveCfg = Release|Any CPU
		{F15DC5E8-0FBC-4102-A2DF-89B2C0F7DE16}.Release|iPhoneSimulator.Build.0 = Release|Any CPU
		{F15DC5E8-0FBC-4102-A2DF-89B2C0F7DE16}.Release|iPhoneSimulator.Deploy.0 = Release|Any CPU
	EndGlobalSection
	GlobalSection(SolutionProperties) = preSolution
		HideSolutionNode = FALSE
	EndGlobalSection
	GlobalSection(ExtensibilityGlobals) = postSolution
		SolutionGuid = {0536835A-ECF2-4FAD-826E-C396E459F801}
	EndGlobalSection
EndGlobal
